
Microsoft Visual Studio Solution File, Format Version 12.00
# Visual Studio Version 17
VisualStudioVersion = 17.5.33516.290
MinimumVisualStudioVersion = 10.0.40219.1
Project("{9A19103F-16F7-4668-BE54-9A1E7A4F7556}") = "Ticket_Hive.UI", "Ticket_Hive.UI\Ticket_Hive.UI.csproj", "{658B8E9B-5630-4CB0-86B4-8B49F2A292C0}"
EndProject
Project("{9A19103F-16F7-4668-BE54-9A1E7A4F7556}") = "Ticket_Hive.Logic", "Ticket_Hive.Logic\Ticket_Hive.Logic.csproj", "{BF98A374-1986-4311-AFCD-5F49A2AD4C1E}"
EndProject
Project("{9A19103F-16F7-4668-BE54-9A1E7A4F7556}") = "Ticket_Hive.Data", "Ticket_Hive.Data\Ticket_Hive.Data.csproj", "{A44CB863-58CC-45EE-8217-9CE8EC35C29A}"
EndProject
Global
	GlobalSection(SolutionConfigurationPlatforms) = preSolution
		Debug|Any CPU = Debug|Any CPU
		Release|Any CPU = Release|Any CPU
	EndGlobalSection
	GlobalSection(ProjectConfigurationPlatforms) = postSolution
		{658B8E9B-5630-4CB0-86B4-8B49F2A292C0}.Debug|Any CPU.ActiveCfg = Debug|Any CPU
		{658B8E9B-5630-4CB0-86B4-8B49F2A292C0}.Debug|Any CPU.Build.0 = Debug|Any CPU
		{658B8E9B-5630-4CB0-86B4-8B49F2A292C0}.Release|Any CPU.ActiveCfg = Release|Any CPU
		{658B8E9B-5630-4CB0-86B4-8B49F2A292C0}.Release|Any CPU.Build.0 = Release|Any CPU
		{BF98A374-1986-4311-AFCD-5F49A2AD4C1E}.Debug|Any CPU.ActiveCfg = Debug|Any CPU
		{BF98A374-1986-4311-AFCD-5F49A2AD4C1E}.Debug|Any CPU.Build.0 = Debug|Any CPU
		{BF98A374-1986-4311-AFCD-5F49A2AD4C1E}.Release|Any CPU.ActiveCfg = Release|Any CPU
		{BF98A374-1986-4311-AFCD-5F49A2AD4C1E}.Release|Any CPU.Build.0 = Release|Any CPU
		{A44CB863-58CC-45EE-8217-9CE8EC35C29A}.Debug|Any CPU.ActiveCfg = Debug|Any CPU
		{A44CB863-58CC-45EE-8217-9CE8EC35C29A}.Debug|Any CPU.Build.0 = Debug|Any CPU
		{A44CB863-58CC-45EE-8217-9CE8EC35C29A}.Release|Any CPU.ActiveCfg = Release|Any CPU
		{A44CB863-58CC-45EE-8217-9CE8EC35C29A}.Release|Any CPU.Build.0 = Release|Any CPU
	EndGlobalSection
	GlobalSection(SolutionProperties) = preSolution
		HideSolutionNode = FALSE
	EndGlobalSection
	GlobalSection(ExtensibilityGlobals) = postSolution
		SolutionGuid = {6A2F4079-2AE2-4A77-8518-52D122D83F43}
	EndGlobalSection
EndGlobal
